{
  "requires": true,
  "lockfileVersion": 1,
  "dependencies": {
    "animejs": {
      "version": "3.2.1",
      "resolved": "https://registry.npmjs.org/animejs/-/animejs-3.2.1.tgz",
      "integrity": "sha512-sWno3ugFryK5nhiDm/2BKeFCpZv7vzerWUcUPyAZLDhMek3+S/p418ldZJbJXo5ZUOpfm2kP2XRO4NJcULMy9A=="
    },
    "spotify-web-api-js": {
      "version": "1.5.1",
      "resolved": "https://registry.npmjs.org/spotify-web-api-js/-/spotify-web-api-js-1.5.1.tgz",
      "integrity": "sha512-KyeYpfPY5bWc5geb0Lmw96oqydxrby36vkmN33q4xrY7oWwoz3634Ya7qHndq2eOqCfI1GS3a5CjimYe7RQdtg=="
    }
  }
}
